// !$*UTF8*$!
{
	archiveVersion = 1;
	classes = {
	};
	objectVersion = 77;
	objects = {

/* Begin PBXBuildFile section */
		183358AE2CC8E8410024D0CD /* ApexStickers.appex in Embed Foundation Extensions */ = {isa = PBXBuildFile; fileRef = 183358A72CC8E83E0024D0CD /* ApexStickers.appex */; settings = {ATTRIBUTES = (RemoveHeadersOnCopy, ); }; };
/* End PBXBuildFile section */

/* Begin PBXContainerItemProxy section */
		183358AC2CC8E8410024D0CD /* PBXContainerItemProxy */ = {
			isa = PBXContainerItemProxy;
			containerPortal = 18F612682CBFCA1C000381E1 /* Project object */;
			proxyType = 1;
			remoteGlobalIDString = 183358A62CC8E83E0024D0CD;
			remoteInfo = ApexStickers;
		};
		18F612822CBFCA1F000381E1 /* PBXContainerItemProxy */ = {
			isa = PBXContainerItemProxy;
			containerPortal = 18F612682CBFCA1C000381E1 /* Project object */;
			proxyType = 1;
			remoteGlobalIDString = 18F6126F2CBFCA1C000381E1;
			remoteInfo = JPApexPredators18;
		};
		18F6128C2CBFCA1F000381E1 /* PBXContainerItemProxy */ = {
			isa = PBXContainerItemProxy;
			containerPortal = 18F612682CBFCA1C000381E1 /* Project object */;
			proxyType = 1;
			remoteGlobalIDString = 18F6126F2CBFCA1C000381E1;
			remoteInfo = JPApexPredators18;
		};
/* End PBXContainerItemProxy section */

/* Begin PBXCopyFilesBuildPhase section */
		183358B32CC8E8410024D0CD /* Embed Foundation Extensions */ = {
			isa = PBXCopyFilesBuildPhase;
			buildActionMask = 2147483647;
			dstPath = "";
			dstSubfolderSpec = 13;
			files = (
				183358AE2CC8E8410024D0CD /* ApexStickers.appex in Embed Foundation Extensions */,
			);
			name = "Embed Foundation Extensions";
			runOnlyForDeploymentPostprocessing = 0;
		};
/* End PBXCopyFilesBuildPhase section */

/* Begin PBXFileReference section */
		183358A72CC8E83E0024D0CD /* ApexStickers.appex */ = {isa = PBXFileReference; explicitFileType = "wrapper.app-extension"; includeInIndex = 0; path = ApexStickers.appex; sourceTree = BUILT_PRODUCTS_DIR; };
		18F612702CBFCA1C000381E1 /* JPApexPredators18.app */ = {isa = PBXFileReference; explicitFileType = wrapper.application; includeInIndex = 0; path = JPApexPredators18.app; sourceTree = BUILT_PRODUCTS_DIR; };
		18F612812CBFCA1F000381E1 /* JPApexPredators18Tests.xctest */ = {isa = PBXFileReference; explicitFileType = wrapper.cfbundle; includeInIndex = 0; path = JPApexPredators18Tests.xctest; sourceTree = BUILT_PRODUCTS_DIR; };
		18F6128B2CBFCA1F000381E1 /* JPApexPredators18UITests.xctest */ = {isa = PBXFileReference; explicitFileType = wrapper.cfbundle; includeInIndex = 0; path = JPApexPredators18UITests.xctest; sourceTree = BUILT_PRODUCTS_DIR; };
/* End PBXFileReference section */

/* Begin PBXFileSystemSynchronizedBuildFileExceptionSet section */
		183358AF2CC8E8410024D0CD /* Exceptions for "ApexStickers" folder in "ApexStickers" target */ = {
			isa = PBXFileSystemSynchronizedBuildFileExceptionSet;
			membershipExceptions = (
				Info.plist,
			);
			target = 183358A62CC8E83E0024D0CD /* ApexStickers */;
		};
/* End PBXFileSystemSynchronizedBuildFileExceptionSet section */

/* Begin PBXFileSystemSynchronizedRootGroup section */
		183358A82CC8E83E0024D0CD /* ApexStickers */ = {
			isa = PBXFileSystemSynchronizedRootGroup;
			exceptions = (
				183358AF2CC8E8410024D0CD /* Exceptions for "ApexStickers" folder in "ApexStickers" target */,
			);
			path = ApexStickers;
			sourceTree = "<group>";
		};
		18F612722CBFCA1C000381E1 /* JPApexPredators18 */ = {
			isa = PBXFileSystemSynchronizedRootGroup;
			path = JPApexPredators18;
			sourceTree = "<group>";
		};
		18F612842CBFCA1F000381E1 /* JPApexPredators18Tests */ = {
			isa = PBXFileSystemSynchronizedRootGroup;
			path = JPApexPredators18Tests;
			sourceTree = "<group>";
		};
		18F6128E2CBFCA1F000381E1 /* JPApexPredators18UITests */ = {
			isa = PBXFileSystemSynchronizedRootGroup;
			path = JPApexPredators18UITests;
			sourceTree = "<group>";
		};
/* End PBXFileSystemSynchronizedRootGroup section */

/* Begin PBXFrameworksBuildPhase section */
		18F6126D2CBFCA1C000381E1 /* Frameworks */ = {
			isa = PBXFrameworksBuildPhase;
			buildActionMask = 2147483647;
			files = (
			);
			runOnlyForDeploymentPostprocessing = 0;
		};
		18F6127E2CBFCA1F000381E1 /* Frameworks */ = {
			isa = PBXFrameworksBuildPhase;
			buildActionMask = 2147483647;
			files = (
			);
			runOnlyForDeploymentPostprocessing = 0;
		};
		18F612882CBFCA1F000381E1 /* Frameworks */ = {
			isa = PBXFrameworksBuildPhase;
			buildActionMask = 2147483647;
			files = (
			);
			runOnlyForDeploymentPostprocessing = 0;
		};
/* End PBXFrameworksBuildPhase section */

/* Begin PBXGroup section */
		18F612672CBFCA1C000381E1 = {
			isa = PBXGroup;
			children = (
				18F612722CBFCA1C000381E1 /* JPApexPredators18 */,
				18F612842CBFCA1F000381E1 /* JPApexPredators18Tests */,
				18F6128E2CBFCA1F000381E1 /* JPApexPredators18UITests */,
				183358A82CC8E83E0024D0CD /* ApexStickers */,
				18F612712CBFCA1C000381E1 /* Products */,
			);
			sourceTree = "<group>";
		};
		18F612712CBFCA1C000381E1 /* Products */ = {
			isa = PBXGroup;
			children = (
				18F612702CBFCA1C000381E1 /* JPApexPredators18.app */,
				18F612812CBFCA1F000381E1 /* JPApexPredators18Tests.xctest */,
				18F6128B2CBFCA1F000381E1 /* JPApexPredators18UITests.xctest */,
				183358A72CC8E83E0024D0CD /* ApexStickers.appex */,
			);
			name = Products;
			sourceTree = "<group>";
		};
/* End PBXGroup section */

/* Begin PBXNativeTarget section */
		183358A62CC8E83E0024D0CD /* ApexStickers */ = {
			isa = PBXNativeTarget;
			buildConfigurationList = 183358B02CC8E8410024D0CD /* Build configuration list for PBXNativeTarget "ApexStickers" */;
			buildPhases = (
				183358A52CC8E83E0024D0CD /* Resources */,
			);
			buildRules = (
			);
			dependencies = (
			);
			fileSystemSynchronizedGroups = (
				183358A82CC8E83E0024D0CD /* ApexStickers */,
			);
			name = ApexStickers;
			packageProductDependencies = (
			);
			productName = ApexStickers;
			productReference = 183358A72CC8E83E0024D0CD /* ApexStickers.appex */;
			productType = "com.apple.product-type.app-extension.messages-sticker-pack";
		};
		18F6126F2CBFCA1C000381E1 /* JPApexPredators18 */ = {
			isa = PBXNativeTarget;
			buildConfigurationList = 18F612952CBFCA1F000381E1 /* Build configuration list for PBXNativeTarget "JPApexPredators18" */;
			buildPhases = (
				18F6126C2CBFCA1C000381E1 /* Sources */,
				18F6126D2CBFCA1C000381E1 /* Frameworks */,
				18F6126E2CBFCA1C000381E1 /* Resources */,
				183358B32CC8E8410024D0CD /* Embed Foundation Extensions */,
			);
			buildRules = (
			);
			dependencies = (
				183358AD2CC8E8410024D0CD /* PBXTargetDependency */,
			);
			fileSystemSynchronizedGroups = (
				18F612722CBFCA1C000381E1 /* JPApexPredators18 */,
			);
			name = JPApexPredators18;
			packageProductDependencies = (
			);
			productName = JPApexPredators18;
			productReference = 18F612702CBFCA1C000381E1 /* JPApexPredators18.app */;
			productType = "com.apple.product-type.application";
		};
		18F612802CBFCA1F000381E1 /* JPApexPredators18Tests */ = {
			isa = PBXNativeTarget;
			buildConfigurationList = 18F612982CBFCA1F000381E1 /* Build configuration list for PBXNativeTarget "JPApexPredators18Tests" */;
			buildPhases = (
				18F6127D2CBFCA1F000381E1 /* Sources */,
				18F6127E2CBFCA1F000381E1 /* Frameworks */,
				18F6127F2CBFCA1F000381E1 /* Resources */,
			);
			buildRules = (
			);
			dependencies = (
				18F612832CBFCA1F000381E1 /* PBXTargetDependency */,
			);
			fileSystemSynchronizedGroups = (
				18F612842CBFCA1F000381E1 /* JPApexPredators18Tests */,
			);
			name = JPApexPredators18Tests;
			packageProductDependencies = (
			);
			productName = JPApexPredators18Tests;
			productReference = 18F612812CBFCA1F000381E1 /* JPApexPredators18Tests.xctest */;
			productType = "com.apple.product-type.bundle.unit-test";
		};
		18F6128A2CBFCA1F000381E1 /* JPApexPredators18UITests */ = {
			isa = PBXNativeTarget;
			buildConfigurationList = 18F6129B2CBFCA1F000381E1 /* Build configuration list for PBXNativeTarget "JPApexPredators18UITests" */;
			buildPhases = (
				18F612872CBFCA1F000381E1 /* Sources */,
				18F612882CBFCA1F000381E1 /* Frameworks */,
				18F612892CBFCA1F000381E1 /* Resources */,
			);
			buildRules = (
			);
			dependencies = (
				18F6128D2CBFCA1F000381E1 /* PBXTargetDependency */,
			);
			fileSystemSynchronizedGroups = (
				18F6128E2CBFCA1F000381E1 /* JPApexPredators18UITests */,
			);
			name = JPApexPredators18UITests;
			packageProductDependencies = (
			);
			productName = JPApexPredators18UITests;
			productReference = 18F6128B2CBFCA1F000381E1 /* JPApexPredators18UITests.xctest */;
			productType = "com.apple.product-type.bundle.ui-testing";
		};
/* End PBXNativeTarget section */

/* Begin PBXProject section */
		18F612682CBFCA1C000381E1 /* Project object */ = {
			isa = PBXProject;
			attributes = {
				BuildIndependentTargetsInParallel = 1;
				LastSwiftUpdateCheck = 1600;
				LastUpgradeCheck = 1600;
				TargetAttributes = {
					183358A62CC8E83E0024D0CD = {
						CreatedOnToolsVersion = 16.0;
					};
					18F6126F2CBFCA1C000381E1 = {
						CreatedOnToolsVersion = 16.0;
					};
					18F612802CBFCA1F000381E1 = {
						CreatedOnToolsVersion = 16.0;
						TestTargetID = 18F6126F2CBFCA1C000381E1;
					};
					18F6128A2CBFCA1F000381E1 = {
						CreatedOnToolsVersion = 16.0;
						TestTargetID = 18F6126F2CBFCA1C000381E1;
					};
				};
			};
			buildConfigurationList = 18F6126B2CBFCA1C000381E1 /* Build configuration list for PBXProject "JPApexPredators18" */;
			developmentRegion = en;
			hasScannedForEncodings = 0;
			knownRegions = (
				en,
				Base,
			);
			mainGroup = 18F612672CBFCA1C000381E1;
			minimizedProjectReferenceProxies = 1;
			preferredProjectObjectVersion = 77;
			productRefGroup = 18F612712CBFCA1C000381E1 /* Products */;
			projectDirPath = "";
			projectRoot = "";
			targets = (
				18F6126F2CBFCA1C000381E1 /* JPApexPredators18 */,
				18F612802CBFCA1F000381E1 /* JPApexPredators18Tests */,
				18F6128A2CBFCA1F000381E1 /* JPApexPredators18UITests */,
				183358A62CC8E83E0024D0CD /* ApexStickers */,
			);
		};
/* End PBXProject section */

/* Begin PBXResourcesBuildPhase section */
		183358A52CC8E83E0024D0CD /* Resources */ = {
			isa = PBXResourcesBuildPhase;
			buildActionMask = 2147483647;
			files = (
			);
			runOnlyForDeploymentPostprocessing = 0;
		};
		18F6126E2CBFCA1C000381E1 /* Resources */ = {
			isa = PBXResourcesBuildPhase;
			buildActionMask = 2147483647;
			files = (
			);
			runOnlyForDeploymentPostprocessing = 0;
		};
		18F6127F2CBFCA1F000381E1 /* Resources */ = {
			isa = PBXResourcesBuildPhase;
			buildActionMask = 2147483647;
			files = (
			);
			runOnlyForDeploymentPostprocessing = 0;
		};
		18F612892CBFCA1F000381E1 /* Resources */ = {
			isa = PBXResourcesBuildPhase;
			buildActionMask = 2147483647;
			files = (
			);
			runOnlyForDeploymentPostprocessing = 0;
		};
/* End PBXResourcesBuildPhase section */

/* Begin PBXSourcesBuildPhase section */
		18F6126C2CBFCA1C000381E1 /* Sources */ = {
			isa = PBXSourcesBuildPhase;
			buildActionMask = 2147483647;
			files = (
			);
			runOnlyForDeploymentPostprocessing = 0;
		};
		18F6127D2CBFCA1F000381E1 /* Sources */ = {
			isa = PBXSourcesBuildPhase;
			buildActionMask = 2147483647;
			files = (
			);
			runOnlyForDeploymentPostprocessing = 0;
		};
		18F612872CBFCA1F000381E1 /* Sources */ = {
			isa = PBXSourcesBuildPhase;
			buildActionMask = 2147483647;
			files = (
			);
			runOnlyForDeploymentPostprocessing = 0;
		};
/* End PBXSourcesBuildPhase section */

/* Begin PBXTargetDependency section */
		183358AD2CC8E8410024D0CD /* PBXTargetDependency */ = {
			isa = PBXTargetDependency;
			target = 183358A62CC8E83E0024D0CD /* ApexStickers */;
			targetProxy = 183358AC2CC8E8410024D0CD /* PBXContainerItemProxy */;
		};
		18F612832CBFCA1F000381E1 /* PBXTargetDependency */ = {
			isa = PBXTargetDependency;
			target = 18F6126F2CBFCA1C000381E1 /* JPApexPredators18 */;
			targetProxy = 18F612822CBFCA1F000381E1 /* PBXContainerItemProxy */;
		};
		18F6128D2CBFCA1F000381E1 /* PBXTargetDependency */ = {
			isa = PBXTargetDependency;
			target = 18F6126F2CBFCA1C000381E1 /* JPApexPredators18 */;
			targetProxy = 18F6128C2CBFCA1F000381E1 /* PBXContainerItemProxy */;
		};
/* End PBXTargetDependency section */

/* Begin XCBuildConfiguration section */
		183358B12CC8E8410024D0CD /* Debug */ = {
			isa = XCBuildConfiguration;
			buildSettings = {
				ASSETCATALOG_COMPILER_APPICON_NAME = "iMessage App Icon";
				CODE_SIGN_STYLE = Automatic;
				CURRENT_PROJECT_VERSION = 1;
				DEVELOPMENT_TEAM = 9G29Z3972X;
				GENERATE_INFOPLIST_FILE = YES;
				INFOPLIST_FILE = ApexStickers/Info.plist;
				INFOPLIST_KEY_NSStickerSharingLevel = OS;
				IPHONEOS_DEPLOYMENT_TARGET = 18.0;
				MARKETING_VERSION = 1.0;
				PRODUCT_BUNDLE_IDENTIFIER = com.mnjammy.tech.JPApexPredators18.ApexStickers;
				PRODUCT_NAME = "$(TARGET_NAME)";
				SDKROOT = iphoneos;
				SKIP_INSTALL = YES;
				SWIFT_EMIT_LOC_STRINGS = YES;
				TARGETED_DEVICE_FAMILY = "1,2";
			};
			name = Debug;
		};
		183358B22CC8E8410024D0CD /* Release */ = {
			isa = XCBuildConfiguration;
			buildSettings = {
				ASSETCATALOG_COMPILER_APPICON_NAME = "iMessage App Icon";
				CODE_SIGN_STYLE = Automatic;
				CURRENT_PROJECT_VERSION = 1;
				DEVELOPMENT_TEAM = 9G29Z3972X;
				GENERATE_INFOPLIST_FILE = YES;
				INFOPLIST_FILE = ApexStickers/Info.plist;
				INFOPLIST_KEY_NSStickerSharingLevel = OS;
				IPHONEOS_DEPLOYMENT_TARGET = 18.0;
				MARKETING_VERSION = 1.0;
				PRODUCT_BUNDLE_IDENTIFIER = com.mnjammy.tech.JPApexPredators18.ApexStickers;
				PRODUCT_NAME = "$(TARGET_NAME)";
				SDKROOT = iphoneos;
				SKIP_INSTALL = YES;
				SWIFT_EMIT_LOC_STRINGS = YES;
				TARGETED_DEVICE_FAMILY = "1,2";
				VALIDATE_PRODUCT = YES;
			};
			name = Release;
		};
		18F612932CBFCA1F000381E1 /* Debug */ = {
			isa = XCBuildConfiguration;
			buildSettings = {
				ALWAYS_SEARCH_USER_PATHS = NO;
				ASSETCATALOG_COMPILER_GENERATE_SWIFT_ASSET_SYMBOL_EXTENSIONS = YES;
				CLANG_ANALYZER_NONNULL = YES;
				CLANG_ANALYZER_NUMBER_OBJECT_CONVERSION = YES_AGGRESSIVE;
				CLANG_CXX_LANGUAGE_STANDARD = "gnu++20";
				CLANG_ENABLE_MODULES = YES;
				CLANG_ENABLE_OBJC_ARC = YES;
				CLANG_ENABLE_OBJC_WEAK = YES;
				CLANG_WARN_BLOCK_CAPTURE_AUTORELEASING = YES;
				CLANG_WARN_BOOL_CONVERSION = YES;
				CLANG_WARN_COMMA = YES;
				CLANG_WARN_CONSTANT_CONVERSION = YES;
				CLANG_WARN_DEPRECATED_OBJC_IMPLEMENTATIONS = YES;
				CLANG_WARN_DIRECT_OBJC_ISA_USAGE = YES_ERROR;
				CLANG_WARN_DOCUMENTATION_COMMENTS = YES;
				CLANG_WARN_EMPTY_BODY = YES;
				CLANG_WARN_ENUM_CONVERSION = YES;
				CLANG_WARN_INFINITE_RECURSION = YES;
				CLANG_WARN_INT_CONVERSION = YES;
				CLANG_WARN_NON_LITERAL_NULL_CONVERSION = YES;
				CLANG_WARN_OBJC_IMPLICIT_RETAIN_SELF = YES;
				CLANG_WARN_OBJC_LITERAL_CONVERSION = YES;
				CLANG_WARN_OBJC_ROOT_CLASS = YES_ERROR;
				CLANG_WARN_QUOTED_INCLUDE_IN_FRAMEWORK_HEADER = YES;
				CLANG_WARN_RANGE_LOOP_ANALYSIS = YES;
				CLANG_WARN_STRICT_PROTOTYPES = YES;
				CLANG_WARN_SUSPICIOUS_MOVE = YES;
				CLANG_WARN_UNGUARDED_AVAILABILITY = YES_AGGRESSIVE;
				CLANG_WARN_UNREACHABLE_CODE = YES;
				CLANG_WARN__DUPLICATE_METHOD_MATCH = YES;
				COPY_PHASE_STRIP = NO;
				DEBUG_INFORMATION_FORMAT = dwarf;
				ENABLE_STRICT_OBJC_MSGSEND = YES;
				ENABLE_TESTABILITY = YES;
				ENABLE_USER_SCRIPT_SANDBOXING = YES;
				GCC_C_LANGUAGE_STANDARD = gnu17;
				GCC_DYNAMIC_NO_PIC = NO;
				GCC_NO_COMMON_BLOCKS = YES;
				GCC_OPTIMIZATION_LEVEL = 0;
				GCC_PREPROCESSOR_DEFINITIONS = (
					"DEBUG=1",
					"$(inherited)",
				);
				GCC_WARN_64_TO_32_BIT_CONVERSION = YES;
				GCC_WARN_ABOUT_RETURN_TYPE = YES_ERROR;
				GCC_WARN_UNDECLARED_SELECTOR = YES;
				GCC_WARN_UNINITIALIZED_AUTOS = YES_AGGRESSIVE;
				GCC_WARN_UNUSED_FUNCTION = YES;
				GCC_WARN_UNUSED_VARIABLE = YES;
				LOCALIZATION_PREFERS_STRING_CATALOGS = YES;
				MTL_ENABLE_DEBUG_INFO = INCLUDE_SOURCE;
				MTL_FAST_MATH = YES;
				ONLY_ACTIVE_ARCH = YES;
				SWIFT_ACTIVE_COMPILATION_CONDITIONS = "DEBUG $(inherited)";
				SWIFT_OPTIMIZATION_LEVEL = "-Onone";
			};
			name = Debug;
		};
		18F612942CBFCA1F000381E1 /* Release */ = {
			isa = XCBuildConfiguration;
			buildSettings = {
				ALWAYS_SEARCH_USER_PATHS = NO;
				ASSETCATALOG_COMPILER_GENERATE_SWIFT_ASSET_SYMBOL_EXTENSIONS = YES;
				CLANG_ANALYZER_NONNULL = YES;
				CLANG_ANALYZER_NUMBER_OBJECT_CONVERSION = YES_AGGRESSIVE;
				CLANG_CXX_LANGUAGE_STANDARD = "gnu++20";
				CLANG_ENABLE_MODULES = YES;
				CLANG_ENABLE_OBJC_ARC = YES;
				CLANG_ENABLE_OBJC_WEAK = YES;
				CLANG_WARN_BLOCK_CAPTURE_AUTORELEASING = YES;
				CLANG_WARN_BOOL_CONVERSION = YES;
				CLANG_WARN_COMMA = YES;
				CLANG_WARN_CONSTANT_CONVERSION = YES;
				CLANG_WARN_DEPRECATED_OBJC_IMPLEMENTATIONS = YES;
				CLANG_WARN_DIRECT_OBJC_ISA_USAGE = YES_ERROR;
				CLANG_WARN_DOCUMENTATION_COMMENTS = YES;
				CLANG_WARN_EMPTY_BODY = YES;
				CLANG_WARN_ENUM_CONVERSION = YES;
				CLANG_WARN_INFINITE_RECURSION = YES;
				CLANG_WARN_INT_CONVERSION = YES;
				CLANG_WARN_NON_LITERAL_NULL_CONVERSION = YES;
				CLANG_WARN_OBJC_IMPLICIT_RETAIN_SELF = YES;
				CLANG_WARN_OBJC_LITERAL_CONVERSION = YES;
				CLANG_WARN_OBJC_ROOT_CLASS = YES_ERROR;
				CLANG_WARN_QUOTED_INCLUDE_IN_FRAMEWORK_HEADER = YES;
				CLANG_WARN_RANGE_LOOP_ANALYSIS = YES;
				CLANG_WARN_STRICT_PROTOTYPES = YES;
				CLANG_WARN_SUSPICIOUS_MOVE = YES;
				CLANG_WARN_UNGUARDED_AVAILABILITY = YES_AGGRESSIVE;
				CLANG_WARN_UNREACHABLE_CODE = YES;
				CLANG_WARN__DUPLICATE_METHOD_MATCH = YES;
				COPY_PHASE_STRIP = NO;
				DEBUG_INFORMATION_FORMAT = "dwarf-with-dsym";
				ENABLE_NS_ASSERTIONS = NO;
				ENABLE_STRICT_OBJC_MSGSEND = YES;
				ENABLE_USER_SCRIPT_SANDBOXING = YES;
				GCC_C_LANGUAGE_STANDARD = gnu17;
				GCC_NO_COMMON_BLOCKS = YES;
				GCC_WARN_64_TO_32_BIT_CONVERSION = YES;
				GCC_WARN_ABOUT_RETURN_TYPE = YES_ERROR;
				GCC_WARN_UNDECLARED_SELECTOR = YES;
				GCC_WARN_UNINITIALIZED_AUTOS = YES_AGGRESSIVE;
				GCC_WARN_UNUSED_FUNCTION = YES;
				GCC_WARN_UNUSED_VARIABLE = YES;
				LOCALIZATION_PREFERS_STRING_CATALOGS = YES;
				MTL_ENABLE_DEBUG_INFO = NO;
				MTL_FAST_MATH = YES;
				SWIFT_COMPILATION_MODE = wholemodule;
			};
			name = Release;
		};
		18F612962CBFCA1F000381E1 /* Debug */ = {
			isa = XCBuildConfiguration;
			buildSettings = {
				ASSETCATALOG_COMPILER_APPICON_NAME = AppIcon;
				ASSETCATALOG_COMPILER_GLOBAL_ACCENT_COLOR_NAME = AccentColor;
				CODE_SIGN_ENTITLEMENTS = JPApexPredators18/JPApexPredators18.entitlements;
				CODE_SIGN_STYLE = Automatic;
				CURRENT_PROJECT_VERSION = 1;
				DEVELOPMENT_ASSET_PATHS = "\"JPApexPredators18/Preview Content\"";
				DEVELOPMENT_TEAM = 9G29Z3972X;
				ENABLE_HARDENED_RUNTIME = YES;
				ENABLE_PREVIEWS = YES;
				GENERATE_INFOPLIST_FILE = YES;
				"INFOPLIST_KEY_UIApplicationSceneManifest_Generation[sdk=iphoneos*]" = YES;
				"INFOPLIST_KEY_UIApplicationSceneManifest_Generation[sdk=iphonesimulator*]" = YES;
				"INFOPLIST_KEY_UIApplicationSupportsIndirectInputEvents[sdk=iphoneos*]" = YES;
				"INFOPLIST_KEY_UIApplicationSupportsIndirectInputEvents[sdk=iphonesimulator*]" = YES;
				"INFOPLIST_KEY_UILaunchScreen_Generation[sdk=iphoneos*]" = YES;
				"INFOPLIST_KEY_UILaunchScreen_Generation[sdk=iphonesimulator*]" = YES;
				"INFOPLIST_KEY_UIStatusBarStyle[sdk=iphoneos*]" = UIStatusBarStyleDefault;
				"INFOPLIST_KEY_UIStatusBarStyle[sdk=iphonesimulator*]" = UIStatusBarStyleDefault;
				INFOPLIST_KEY_UISupportedInterfaceOrientations_iPad = "UIInterfaceOrientationPortrait UIInterfaceOrientationPortraitUpsideDown UIInterfaceOrientationLandscapeLeft UIInterfaceOrientationLandscapeRight";
				INFOPLIST_KEY_UISupportedInterfaceOrientations_iPhone = "UIInterfaceOrientationPortrait UIInterfaceOrientationLandscapeLeft UIInterfaceOrientationLandscapeRight";
				IPHONEOS_DEPLOYMENT_TARGET = 18.0;
				LD_RUNPATH_SEARCH_PATHS = "@executable_path/Frameworks";
				"LD_RUNPATH_SEARCH_PATHS[sdk=macosx*]" = "@executable_path/../Frameworks";
				MACOSX_DEPLOYMENT_TARGET = 15.0;
				MARKETING_VERSION = 1.0;
				PRODUCT_BUNDLE_IDENTIFIER = com.mnjammy.tech.JPApexPredators18;
				PRODUCT_NAME = "$(TARGET_NAME)";
				SDKROOT = auto;
				SUPPORTED_PLATFORMS = "iphoneos iphonesimulator macosx xros xrsimulator";
				SWIFT_EMIT_LOC_STRINGS = YES;
				SWIFT_VERSION = 5.0;
				TARGETED_DEVICE_FAMILY = "1,2,7";
				XROS_DEPLOYMENT_TARGET = 2.0;
			};
			name = Debug;
		};
		18F612972CBFCA1F000381E1 /* Release */ = {
			isa = XCBuildConfiguration;
			buildSettings = {
				ASSETCATALOG_COMPILER_APPICON_NAME = AppIcon;
				ASSETCATALOG_COMPILER_GLOBAL_ACCENT_COLOR_NAME = AccentColor;
				CODE_SIGN_ENTITLEMENTS = JPApexPredators18/JPApexPredators18.entitlements;
				CODE_SIGN_STYLE = Automatic;
				CURRENT_PROJECT_VERSION = 1;
				DEVELOPMENT_ASSET_PATHS = "\"JPApexPredators18/Preview Content\"";
				DEVELOPMENT_TEAM = 9G29Z3972X;
				ENABLE_HARDENED_RUNTIME = YES;
				ENABLE_PREVIEWS = YES;
				GENERATE_INFOPLIST_FILE = YES;
				"INFOPLIST_KEY_UIApplicationSceneManifest_Generation[sdk=iphoneos*]" = YES;
				"INFOPLIST_KEY_UIApplicationSceneManifest_Generation[sdk=iphonesimulator*]" = YES;
				"INFOPLIST_KEY_UIApplicationSupportsIndirectInputEvents[sdk=iphoneos*]" = YES;
				"INFOPLIST_KEY_UIApplicationSupportsIndirectInputEvents[sdk=iphonesimulator*]" = YES;
				"INFOPLIST_KEY_UILaunchScreen_Generation[sdk=iphoneos*]" = YES;
				"INFOPLIST_KEY_UILaunchScreen_Generation[sdk=iphonesimulator*]" = YES;
				"INFOPLIST_KEY_UIStatusBarStyle[sdk=iphoneos*]" = UIStatusBarStyleDefault;
				"INFOPLIST_KEY_UIStatusBarStyle[sdk=iphonesimulator*]" = UIStatusBarStyleDefault;
				INFOPLIST_KEY_UISupportedInterfaceOrientations_iPad = "UIInterfaceOrientationPortrait UIInterfaceOrientationPortraitUpsideDown UIInterfaceOrientationLandscapeLeft UIInterfaceOrientationLandscapeRight";
				INFOPLIST_KEY_UISupportedInterfaceOrientations_iPhone = "UIInterfaceOrientationPortrait UIInterfaceOrientationLandscapeLeft UIInterfaceOrientationLandscapeRight";
				IPHONEOS_DEPLOYMENT_TARGET = 18.0;
				LD_RUNPATH_SEARCH_PATHS = "@executable_path/Frameworks";
				"LD_RUNPATH_SEARCH_PATHS[sdk=macosx*]" = "@executable_path/../Frameworks";
				MACOSX_DEPLOYMENT_TARGET = 15.0;
				MARKETING_VERSION = 1.0;
				PRODUCT_BUNDLE_IDENTIFIER = com.mnjammy.tech.JPApexPredators18;
				PRODUCT_NAME = "$(TARGET_NAME)";
				SDKROOT = auto;
				SUPPORTED_PLATFORMS = "iphoneos iphonesimulator macosx xros xrsimulator";
				SWIFT_EMIT_LOC_STRINGS = YES;
				SWIFT_VERSION = 5.0;
				TARGETED_DEVICE_FAMILY = "1,2,7";
				XROS_DEPLOYMENT_TARGET = 2.0;
			};
			name = Release;
		};
		18F612992CBFCA1F000381E1 /* Debug */ = {
			isa = XCBuildConfiguration;
			buildSettings = {
				BUNDLE_LOADER = "$(TEST_HOST)";
				CODE_SIGN_STYLE = Automatic;
				CURRENT_PROJECT_VERSION = 1;
				DEVELOPMENT_TEAM = 9G29Z3972X;
				GENERATE_INFOPLIST_FILE = YES;
				IPHONEOS_DEPLOYMENT_TARGET = 18.0;
				MACOSX_DEPLOYMENT_TARGET = 15.0;
				MARKETING_VERSION = 1.0;
				PRODUCT_BUNDLE_IDENTIFIER = com.mnjammy.tech.JPApexPredators18Tests;
				PRODUCT_NAME = "$(TARGET_NAME)";
				SDKROOT = auto;
				SUPPORTED_PLATFORMS = "iphoneos iphonesimulator macosx xros xrsimulator";
				SWIFT_EMIT_LOC_STRINGS = NO;
				SWIFT_VERSION = 5.0;
				TARGETED_DEVICE_FAMILY = "1,2,7";
				TEST_HOST = "$(BUILT_PRODUCTS_DIR)/JPApexPredators18.app/$(BUNDLE_EXECUTABLE_FOLDER_PATH)/JPApexPredators18";
				XROS_DEPLOYMENT_TARGET = 2.0;
			};
			name = Debug;
		};
		18F6129A2CBFCA1F000381E1 /* Release */ = {
			isa = XCBuildConfiguration;
			buildSettings = {
				BUNDLE_LOADER = "$(TEST_HOST)";
				CODE_SIGN_STYLE = Automatic;
				CURRENT_PROJECT_VERSION = 1;
				DEVELOPMENT_TEAM = 9G29Z3972X;
				GENERATE_INFOPLIST_FILE = YES;
				IPHONEOS_DEPLOYMENT_TARGET = 18.0;
				MACOSX_DEPLOYMENT_TARGET = 15.0;
				MARKETING_VERSION = 1.0;
				PRODUCT_BUNDLE_IDENTIFIER = com.mnjammy.tech.JPApexPredators18Tests;
				PRODUCT_NAME = "$(TARGET_NAME)";
				SDKROOT = auto;
				SUPPORTED_PLATFORMS = "iphoneos iphonesimulator macosx xros xrsimulator";
				SWIFT_EMIT_LOC_STRINGS = NO;
				SWIFT_VERSION = 5.0;
				TARGETED_DEVICE_FAMILY = "1,2,7";
				TEST_HOST = "$(BUILT_PRODUCTS_DIR)/JPApexPredators18.app/$(BUNDLE_EXECUTABLE_FOLDER_PATH)/JPApexPredators18";
				XROS_DEPLOYMENT_TARGET = 2.0;
			};
			name = Release;
		};
		18F6129C2CBFCA1F000381E1 /* Debug */ = {
			isa = XCBuildConfiguration;
			buildSettings = {
				CODE_SIGN_STYLE = Automatic;
				CURRENT_PROJECT_VERSION = 1;
				DEVELOPMENT_TEAM = 9G29Z3972X;
				GENERATE_INFOPLIST_FILE = YES;
				IPHONEOS_DEPLOYMENT_TARGET = 18.0;
				MACOSX_DEPLOYMENT_TARGET = 15.0;
				MARKETING_VERSION = 1.0;
				PRODUCT_BUNDLE_IDENTIFIER = com.mnjammy.tech.JPApexPredators18UITests;
				PRODUCT_NAME = "$(TARGET_NAME)";
				SDKROOT = auto;
				SUPPORTED_PLATFORMS = "iphoneos iphonesimulator macosx xros xrsimulator";
				SWIFT_EMIT_LOC_STRINGS = NO;
				SWIFT_VERSION = 5.0;
				TARGETED_DEVICE_FAMILY = "1,2,7";
				TEST_TARGET_NAME = JPApexPredators18;
				XROS_DEPLOYMENT_TARGET = 2.0;
			};
			name = Debug;
		};
		18F6129D2CBFCA1F000381E1 /* Release */ = {
			isa = XCBuildConfiguration;
			buildSettings = {
				CODE_SIGN_STYLE = Automatic;
				CURRENT_PROJECT_VERSION = 1;
				DEVELOPMENT_TEAM = 9G29Z3972X;
				GENERATE_INFOPLIST_FILE = YES;
				IPHONEOS_DEPLOYMENT_TARGET = 18.0;
				MACOSX_DEPLOYMENT_TARGET = 15.0;
				MARKETING_VERSION = 1.0;
				PRODUCT_BUNDLE_IDENTIFIER = com.mnjammy.tech.JPApexPredators18UITests;
				PRODUCT_NAME = "$(TARGET_NAME)";
				SDKROOT = auto;
				SUPPORTED_PLATFORMS = "iphoneos iphonesimulator macosx xros xrsimulator";
				SWIFT_EMIT_LOC_STRINGS = NO;
				SWIFT_VERSION = 5.0;
				TARGETED_DEVICE_FAMILY = "1,2,7";
				TEST_TARGET_NAME = JPApexPredators18;
				XROS_DEPLOYMENT_TARGET = 2.0;
			};
			name = Release;
		};
/* End XCBuildConfiguration section */

/* Begin XCConfigurationList section */
		183358B02CC8E8410024D0CD /* Build configuration list for PBXNativeTarget "ApexStickers" */ = {
			isa = XCConfigurationList;
			buildConfigurations = (
				183358B12CC8E8410024D0CD /* Debug */,
				183358B22CC8E8410024D0CD /* Release */,
			);
			defaultConfigurationIsVisible = 0;
			defaultConfigurationName = Release;
		};
		18F6126B2CBFCA1C000381E1 /* Build configuration list for PBXProject "JPApexPredators18" */ = {
			isa = XCConfigurationList;
			buildConfigurations = (
				18F612932CBFCA1F000381E1 /* Debug */,
				18F612942CBFCA1F000381E1 /* Release */,
			);
			defaultConfigurationIsVisible = 0;
			defaultConfigurationName = Release;
		};
		18F612952CBFCA1F000381E1 /* Build configuration list for PBXNativeTarget "JPApexPredators18" */ = {
			isa = XCConfigurationList;
			buildConfigurations = (
				18F612962CBFCA1F000381E1 /* Debug */,
				18F612972CBFCA1F000381E1 /* Release */,
			);
			defaultConfigurationIsVisible = 0;
			defaultConfigurationName = Release;
		};
		18F612982CBFCA1F000381E1 /* Build configuration list for PBXNativeTarget "JPApexPredators18Tests" */ = {
			isa = XCConfigurationList;
			buildConfigurations = (
				18F612992CBFCA1F000381E1 /* Debug */,
				18F6129A2CBFCA1F000381E1 /* Release */,
			);
			defaultConfigurationIsVisible = 0;
			defaultConfigurationName = Release;
		};
		18F6129B2CBFCA1F000381E1 /* Build configuration list for PBXNativeTarget "JPApexPredators18UITests" */ = {
			isa = XCConfigurationList;
			buildConfigurations = (
				18F6129C2CBFCA1F000381E1 /* Debug */,
				18F6129D2CBFCA1F000381E1 /* Release */,
			);
			defaultConfigurationIsVisible = 0;
			defaultConfigurationName = Release;
		};
/* End XCConfigurationList section */
	};
	rootObject = 18F612682CBFCA1C000381E1 /* Project object */;
}
